
Microsoft Visual Studio Solution File, Format Version 11.00
# Visual Studio 2010
Project("{FAE04EC0-301F-11D3-BF4B-00C04F79EFBC}") = "ProjectEuler", "ProjectEuler\ProjectEuler.csproj", "{5E44E8AC-BAC5-4F2B-96DD-588DE915A6C1}"
EndProject
Project("{FAE04EC0-301F-11D3-BF4B-00C04F79EFBC}") = "ProjectEuler.Tests", "ProjectEuler.Tests\ProjectEuler.Tests.csproj", "{8A94544D-A36A-47FF-B02E-D81C16DA9B56}"
EndProject
Global
	GlobalSection(SolutionConfigurationPlatforms) = preSolution
		Debug|Any CPU = Debug|Any CPU
		Release|Any CPU = Release|Any CPU
	EndGlobalSection
	GlobalSection(ProjectConfigurationPlatforms) = postSolution
		{5E44E8AC-BAC5-4F2B-96DD-588DE915A6C1}.Debug|Any CPU.ActiveCfg = Debug|Any CPU
		{5E44E8AC-BAC5-4F2B-96DD-588DE915A6C1}.Debug|Any CPU.Build.0 = Debug|Any CPU
		{5E44E8AC-BAC5-4F2B-96DD-588DE915A6C1}.Release|Any CPU.ActiveCfg = Release|Any CPU
		{5E44E8AC-BAC5-4F2B-96DD-588DE915A6C1}.Release|Any CPU.Build.0 = Release|Any CPU
		{8A94544D-A36A-47FF-B02E-D81C16DA9B56}.Debug|Any CPU.ActiveCfg = Debug|Any CPU
		{8A94544D-A36A-47FF-B02E-D81C16DA9B56}.Debug|Any CPU.Build.0 = Debug|Any CPU
		{8A94544D-A36A-47FF-B02E-D81C16DA9B56}.Release|Any CPU.ActiveCfg = Release|Any CPU
		{8A94544D-A36A-47FF-B02E-D81C16DA9B56}.Release|Any CPU.Build.0 = Release|Any CPU
	EndGlobalSection
	GlobalSection(SolutionProperties) = preSolution
		HideSolutionNode = FALSE
	EndGlobalSection
EndGlobal
